{
  "lockfileVersion": 2,
  "configVersion": 1,
  "workspaces": {
    "": {
      "name": "nigat-shopify-theme",
      "devDependencies": {
        "@shopify/liquid-html-parser": "^2.10.0",
        "@shopify/prettier-plugin-liquid": "^1.11.0",
        "embla-carousel": "^8.6.0",
        "jscpd": "^5.3.0",
        "prettier": "^3.9.9",
      },
    },
  },
  "packages": {
    "@shopify/liquid-html-parser": ["@shopify/liquid-html-parser@2.10.0", "", { "dependencies": { "line-column": "^1.0.2" } }, "sha512-fdfKqVOoGCvLWgXUiqPjw99wM64wZV/3RpSQZb59P1K8pT7l1cyJZV+QAyHgvVV1jcglUCtFmr+8ioY7rGVdKg=="],

    "@shopify/prettier-plugin-liquid": ["@shopify/prettier-plugin-liquid@1.11.0", "", { "dependencies": { "@shopify/liquid-html-parser": "^2.10.0", "html-styles": "^1.0.0" }, "peerDependencies": { "prettier": "^2.0.0 || ^3.0.0" } }, "sha512-3ujL22Whf8iqh5/8emhmc6K3/k9YnmHR1GBpsinjBH/vylugm3OUl1nmCb95uNoDD+dlgZXfIrAKJe2jOdQmJQ=="],

    "embla-carousel": ["embla-carousel@8.6.0", "", {}, "sha512-SjWyZBHJPbqxHOzckOfo8lHisEaJWmwd23XppYFYVh10bU66/Pn5tkVkbkCMZVdbUE5eTCI2nD8OyIP4Z+uwkA=="],

    "html-styles": ["html-styles@1.0.0", "", {}, "sha512-cDl5dcj73oI4Hy0DSUNh54CAwslNLJRCCoO+RNkVo+sBrjA/0+7E/xzvj3zH/GxbbBLGJhE0hBe1eg+0FINC6w=="],

    "isarray": ["isarray@1.0.0", "", {}, "sha512-VLghIWNM6ELQzo7zwmcg0NmTVyWKYjvIeM83yjp0wRDTmUnrM678fQbcKBo6n2CJEF0szoG//ytg+TKla89ALQ=="],

    "isobject": ["isobject@2.1.0", "", { "dependencies": { "isarray": "1.0.0" } }, "sha512-+OUdGJlgjOBZDfxnDjYYG6zp487z0JGNQq3cYQYg5f5hKR+syHMsaztzGeml/4kGG55CSpKSpWTY+jYGgsHLgA=="],

    "jscpd": ["jscpd@5.3.0", "", { "optionalDependencies": { "jscpd-darwin-arm64": "5.3.0", "jscpd-darwin-x64": "5.3.0", "jscpd-linux-arm64-gnu": "5.3.0", "jscpd-linux-arm64-musl": "5.3.0", "jscpd-linux-x64-gnu": "5.3.0", "jscpd-linux-x64-musl": "5.3.0", "jscpd-windows-arm64-msvc": "5.3.0", "jscpd-windows-x64-msvc": "5.3.0" }, "bin": { "jscpd": "run-jscpd.js" } }, "sha512-EiGK3H6ZF8jbyiIU1c+iPkgWskcXVoSozfobYIbySK1KPlo+UYmVqSVpKUiLnfoNDOTy9vqACSmiS+JA7xPsQg=="],

    "jscpd-darwin-arm64": ["jscpd-darwin-arm64@5.3.0", "", { "os": "darwin", "cpu": "arm64" }, "sha512-kH4O+vgWtWbaE42+KejOmDZW9nB4WqsbX+NxAQPwVxZg1TQTM2bhDhYdQo+MHpN+vf4HpQ+dOCsARBn2ri+ing=="],

    "jscpd-darwin-x64": ["jscpd-darwin-x64@5.3.0", "", { "os": "darwin", "cpu": "x64" }, "sha512-IMobUmmZcrxKbziuni93ljtIMtAyPY4lFPNcopgTOFwO3vlHeYZV1r0sY8eP0APvW5BSFW2nBA/WG5+EezYpYw=="],

    "jscpd-linux-arm64-gnu": ["jscpd-linux-arm64-gnu@5.3.0", "", { "os": "linux", "cpu": "arm64" }, "sha512-VdN3g485lHqGxysAuij0KkDh4HSczUOJ8d8rXdCBSYBBqIrSMkVtfy7iug7GUhGkLZ7qukTkgvZs0P7mEMH8Yw=="],

    "jscpd-linux-arm64-musl": ["jscpd-linux-arm64-musl@5.3.0", "", { "os": "linux", "cpu": "arm64" }, "sha512-96JQfVFcSBjoUwqFeEQQ4c2wHHT4kE+LqZtEayc6ko3Ouu1nLJvCnBA5DSOU0HuIvGAVq8A2CmkWJ6I1XCCt/A=="],

    "jscpd-linux-x64-gnu": ["jscpd-linux-x64-gnu@5.3.0", "", { "os": "linux", "cpu": "x64" }, "sha512-teMMfXFE1iAJ2rgqxRUOxX6U7glr//8WKZhEH0sRIN6QwstjKmzKlEPEf1UU2rH7JyYlsIGAYcjrWzmJ7wDLcA=="],

    "jscpd-linux-x64-musl": ["jscpd-linux-x64-musl@5.3.0", "", { "os": "linux", "cpu": "x64" }, "sha512-mVsivu/awa17BwOZbnkGo/H8P1IedckXswuT5ZwYXkgpVD//ken4HjjcUO8+fwxu3cRbk0qycdLfP/B1VAtAMA=="],

    "jscpd-windows-arm64-msvc": ["jscpd-windows-arm64-msvc@5.3.0", "", { "os": "win32", "cpu": "arm64" }, "sha512-uzkJo9bY2Er91MFyovQUYOAq06bjoO9E36v7qAhzh0yzhYaQNVchmKrP3qEFjA+5K2DL9jeJCD6JL9q4ZiQyGg=="],

    "jscpd-windows-x64-msvc": ["jscpd-windows-x64-msvc@5.3.0", "", { "os": "win32", "cpu": "x64" }, "sha512-E9FBk7BzAC6EffvFuV5ggDhXFJW1F6odrdgLe9RaMW9IWjhgHhmliJgse0ehmaqQu9HGNVwx+Cq238U4Cfe5Iw=="],

    "line-column": ["line-column@1.0.2", "", { "dependencies": { "isarray": "^1.0.0", "isobject": "^2.0.0" } }, "sha512-Ktrjk5noGYlHsVnYWh62FLVs4hTb8A3e+vucNZMgPeAOITdshMSgv4cCZQeRDjm7+goqmo6+liZwTXo+U3sVww=="],

    "prettier": ["prettier@3.9.9", "", { "bin": { "prettier": "bin/prettier.cjs" } }, "sha512-Z/CJHIkdujO/OtN7nXUii0Rf3VT5SRuhjBA82Xvu2XhBUgX3nhP67T0LHceBdQLex7OOFGTox+Q5Yg8Jk2Qivg=="],
  }
}
